
Microsoft Visual Studio Solution File, Format Version 12.00
# Visual Studio 15
VisualStudioVersion = 15.0.26403.7
MinimumVisualStudioVersion = 10.0.40219.1
Project("{FAE04EC0-301F-11D3-BF4B-00C04F79EFBC}") = "OaCrawl", "OaCrawl\OaCrawl.csproj", "{068FF89B-2805-49F3-8E03-6C10DE7EC31B}"
EndProject
Global
	GlobalSection(SolutionConfigurationPlatforms) = preSolution
		Debug|Any CPU = Debug|Any CPU
		Release|Any CPU = Release|Any CPU
	EndGlobalSection
	GlobalSection(ProjectConfigurationPlatforms) = postSolution
		{068FF89B-2805-49F3-8E03-6C10DE7EC31B}.Debug|Any CPU.ActiveCfg = Debug|Any CPU
		{068FF89B-2805-49F3-8E03-6C10DE7EC31B}.Debug|Any CPU.Build.0 = Debug|Any CPU
		{068FF89B-2805-49F3-8E03-6C10DE7EC31B}.Release|Any CPU.ActiveCfg = Release|Any CPU
		{068FF89B-2805-49F3-8E03-6C10DE7EC31B}.Release|Any CPU.Build.0 = Release|Any CPU
	EndGlobalSection
	GlobalSection(SolutionProperties) = preSolution
		HideSolutionNode = FALSE
	EndGlobalSection
EndGlobal
